
Microsoft Visual Studio Solution File, Format Version 12.00
# Visual Studio Version 16
VisualStudioVersion = 16.0.29326.143
MinimumVisualStudioVersion = 10.0.40219.1
Project("{FAE04EC0-301F-11D3-BF4B-00C04F79EFBC}") = "lab_5", "lab_7\lab_5.csproj", "{F39C9984-0A86-4B51-95BB-655DF4B82B28}"
EndProject
Global
	GlobalSection(SolutionConfigurationPlatforms) = preSolution
		Debug|Any CPU = Debug|Any CPU
		Release|Any CPU = Release|Any CPU
	EndGlobalSection
	GlobalSection(ProjectConfigurationPlatforms) = postSolution
		{F39C9984-0A86-4B51-95BB-655DF4B82B28}.Debug|Any CPU.ActiveCfg = Debug|Any CPU
		{F39C9984-0A86-4B51-95BB-655DF4B82B28}.Debug|Any CPU.Build.0 = Debug|Any CPU
		{F39C9984-0A86-4B51-95BB-655DF4B82B28}.Release|Any CPU.ActiveCfg = Release|Any CPU
		{F39C9984-0A86-4B51-95BB-655DF4B82B28}.Release|Any CPU.Build.0 = Release|Any CPU
	EndGlobalSection
	GlobalSection(SolutionProperties) = preSolution
		HideSolutionNode = FALSE
	EndGlobalSection
	GlobalSection(ExtensibilityGlobals) = postSolution
		SolutionGuid = {C85ADD55-DFFE-483B-97FF-D166BE278431}
	EndGlobalSection
EndGlobal
